
Microsoft Visual Studio Solution File, Format Version 12.00
# Visual Studio Version 17
VisualStudioVersion = 17.10.35027.167
MinimumVisualStudioVersion = 10.0.40219.1
Project("{8BC9CEB8-8B4A-11D0-8D11-00A0C91BC942}") = "Reversing", "Reversing\Reversing.vcxproj", "{E847B305-B951-4828-8DAF-7FF0DE28D6AB}"
EndProject
Global
	GlobalSection(SolutionConfigurationPlatforms) = preSolution
		Debug|x64 = Debug|x64
		Debug|x86 = Debug|x86
		Release|x64 = Release|x64
		Release|x86 = Release|x86
	EndGlobalSection
	GlobalSection(ProjectConfigurationPlatforms) = postSolution
		{E847B305-B951-4828-8DAF-7FF0DE28D6AB}.Debug|x64.ActiveCfg = Debug|x64
		{E847B305-B951-4828-8DAF-7FF0DE28D6AB}.Debug|x64.Build.0 = Debug|x64
		{E847B305-B951-4828-8DAF-7FF0DE28D6AB}.Debug|x86.ActiveCfg = Debug|Win32
		{E847B305-B951-4828-8DAF-7FF0DE28D6AB}.Debug|x86.Build.0 = Debug|Win32
		{E847B305-B951-4828-8DAF-7FF0DE28D6AB}.Release|x64.ActiveCfg = Release|x64
		{E847B305-B951-4828-8DAF-7FF0DE28D6AB}.Release|x64.Build.0 = Release|x64
		{E847B305-B951-4828-8DAF-7FF0DE28D6AB}.Release|x86.ActiveCfg = Release|Win32
		{E847B305-B951-4828-8DAF-7FF0DE28D6AB}.Release|x86.Build.0 = Release|Win32
	EndGlobalSection
	GlobalSection(SolutionProperties) = preSolution
		HideSolutionNode = FALSE
	EndGlobalSection
	GlobalSection(ExtensibilityGlobals) = postSolution
		SolutionGuid = {84709FEE-B28F-4791-91A9-378C56792B47}
	EndGlobalSection
EndGlobal
